
Microsoft Visual Studio Solution File, Format Version 12.00
# Visual Studio Version 16
VisualStudioVersion = 16.0.30011.22
MinimumVisualStudioVersion = 10.0.40219.1
Project("{FAE04EC0-301F-11D3-BF4B-00C04F79EFBC}") = "CST", "CST\CST.csproj", "{5DBCD87E-8964-4797-B18F-021367A5060C}"
EndProject
Project("{54435603-DBB4-11D2-8724-00A0C9A8B90C}") = "Setup1", "Setup1\Setup1.vdproj", "{FE7BEC57-0A35-4C67-9647-E2C405DFB438}"
EndProject
Global
	GlobalSection(SolutionConfigurationPlatforms) = preSolution
		Debug|Any CPU = Debug|Any CPU
		Release|Any CPU = Release|Any CPU
	EndGlobalSection
	GlobalSection(ProjectConfigurationPlatforms) = postSolution
		{5DBCD87E-8964-4797-B18F-021367A5060C}.Debug|Any CPU.ActiveCfg = Release|Any CPU
		{5DBCD87E-8964-4797-B18F-021367A5060C}.Debug|Any CPU.Build.0 = Release|Any CPU
		{5DBCD87E-8964-4797-B18F-021367A5060C}.Debug|Any CPU.Deploy.0 = Release|Any CPU
		{5DBCD87E-8964-4797-B18F-021367A5060C}.Release|Any CPU.ActiveCfg = Release|Any CPU
		{5DBCD87E-8964-4797-B18F-021367A5060C}.Release|Any CPU.Build.0 = Release|Any CPU
		{FE7BEC57-0A35-4C67-9647-E2C405DFB438}.Debug|Any CPU.ActiveCfg = Debug
		{FE7BEC57-0A35-4C67-9647-E2C405DFB438}.Release|Any CPU.ActiveCfg = Release
	EndGlobalSection
	GlobalSection(SolutionProperties) = preSolution
		HideSolutionNode = FALSE
	EndGlobalSection
	GlobalSection(ExtensibilityGlobals) = postSolution
		SolutionGuid = {F6090407-0A81-4B57-AC1D-92C010143432}
	EndGlobalSection
EndGlobal
